
Microsoft Visual Studio Solution File, Format Version 12.00
# Visual Studio Version 17
VisualStudioVersion = 17.10.35122.118
MinimumVisualStudioVersion = 10.0.40219.1
Project("{2150E333-8FDC-42A3-9474-1A3956D46DE8}") = "Solution Items", "Solution Items", "{88BA8D4C-159B-406E-9C6A-FDE773CA2CA2}"
	ProjectSection(SolutionItems) = preProject
		EventFlow.txt = EventFlow.txt
		notes.txt = notes.txt
	EndProjectSection
EndProject
Project("{2150E333-8FDC-42A3-9474-1A3956D46DE8}") = "src", "src", "{63AF080A-B051-4DFE-A4FF-9E4537194C2F}"
EndProject
Project("{2150E333-8FDC-42A3-9474-1A3956D46DE8}") = "Services", "Services", "{3F1902EA-B087-4D4E-9C06-BA8E426BDA65}"
EndProject
Project("{2150E333-8FDC-42A3-9474-1A3956D46DE8}") = "Catalog", "Catalog", "{BD07872C-AC44-48A3-9BF2-61A3037DCC12}"
EndProject
Project("{2150E333-8FDC-42A3-9474-1A3956D46DE8}") = "Basket", "Basket", "{85DA1F99-C85F-45CE-B9F4-212F6E1929CA}"
EndProject
Project("{2150E333-8FDC-42A3-9474-1A3956D46DE8}") = "Order", "Order", "{3F89E6D9-507B-4251-A6F2-425DFC27851D}"
EndProject
Project("{2150E333-8FDC-42A3-9474-1A3956D46DE8}") = "Shipment", "Shipment", "{6A2BE5A7-D174-4C77-8B0F-7F3BF3F0C676}"
EndProject
Project("{2150E333-8FDC-42A3-9474-1A3956D46DE8}") = "Payment", "Payment", "{ED0E2CC0-2A01-48C4-A59B-EF2B2F1E9300}"
EndProject
Project("{2150E333-8FDC-42A3-9474-1A3956D46DE8}") = "Notification", "Notification", "{1E68CE8C-088B-4409-83B8-7AD44156F986}"
EndProject
Project("{9A19103F-16F7-4668-BE54-9A1E7A4F7556}") = "Catalog.API", "src\Services\Catalog\Catalog.API\Catalog.API.csproj", "{63C04BD7-CA85-403E-8F15-821F00189941}"
EndProject
Project("{9A19103F-16F7-4668-BE54-9A1E7A4F7556}") = "Catalog.Domain", "src\Services\Catalog\Catalog.Domain\Catalog.Domain.csproj", "{36AE5F13-B909-4A1C-9ACF-4CD57EDAAEBE}"
EndProject
Project("{9A19103F-16F7-4668-BE54-9A1E7A4F7556}") = "BasketGrpc", "src\Services\Basket\BasketGrpc\BasketGrpc.csproj", "{78D42F9F-5DD6-4827-AB63-FC26EF57BA47}"
EndProject
Project("{9A19103F-16F7-4668-BE54-9A1E7A4F7556}") = "Catalog.Application", "src\Services\Catalog\Catalog.Application\Catalog.Application.csproj", "{55320159-26F9-4B65-BD7C-94D524487DE1}"
EndProject
Project("{9A19103F-16F7-4668-BE54-9A1E7A4F7556}") = "Catalog.Persistence", "src\Services\Catalog\Catalog.Persistence\Catalog.Persistence.csproj", "{0A7DE70D-0D0B-4A76-A1CC-8E358CD899B2}"
EndProject
Project("{9A19103F-16F7-4668-BE54-9A1E7A4F7556}") = "Basket.API", "src\Services\Basket\Basket.API\Basket.API.csproj", "{8C5318C7-1BC3-4326-8F14-3B939EC60EBA}"
EndProject
Project("{2150E333-8FDC-42A3-9474-1A3956D46DE8}") = "Common", "Common", "{02EB0BE9-2CAB-4539-943D-7F7DA43A6803}"
EndProject
Project("{9A19103F-16F7-4668-BE54-9A1E7A4F7556}") = "eshop.MessageBus", "src\Common\eshop.MessageBus\eshop.MessageBus.csproj", "{E6FAF485-9EE4-4829-9416-71908D6C26B2}"
EndProject
Project("{9A19103F-16F7-4668-BE54-9A1E7A4F7556}") = "eshop.Order", "src\Services\Order\eshop.Order\eshop.Order.csproj", "{03171DB3-E7EF-41B0-A2C8-DD2116262786}"
EndProject
Project("{9A19103F-16F7-4668-BE54-9A1E7A4F7556}") = "eshop.Stock.API", "src\Services\Stock\eshop.Stock.API\eshop.Stock.API.csproj", "{C4297854-7143-4376-BF24-198C6A6A4845}"
EndProject
Project("{2150E333-8FDC-42A3-9474-1A3956D46DE8}") = "Stock", "Stock", "{9250583A-4F9B-41FD-B29B-F82E6177CFA8}"
EndProject
Project("{FAE04EC0-301F-11D3-BF4B-00C04F79EFBC}") = "Payment.API", "src\Services\Payment\Payment.API\Payment.API.csproj", "{AC51B86F-FC60-4BE1-ABBD-C059F9A2866D}"
EndProject
Project("{2150E333-8FDC-42A3-9474-1A3956D46DE8}") = "Gateway", "Gateway", "{00DE0C27-F8DD-4578-BB47-D2E40535C976}"
EndProject
Project("{FAE04EC0-301F-11D3-BF4B-00C04F79EFBC}") = "eshop.Gateway", "src\Gateways\eshop.Gateway\eshop.Gateway.csproj", "{065A9041-5F49-45E0-97F2-57B3011AA4FF}"
EndProject
Project("{E53339B2-1760-4266-BCC7-CA923CBCF16C}") = "docker-compose", "docker-compose.dcproj", "{6E7154E2-40FC-4C1D-8A79-6A27FE4CDFCC}"
EndProject
Global
	GlobalSection(SolutionConfigurationPlatforms) = preSolution
		Debug|Any CPU = Debug|Any CPU
		Release|Any CPU = Release|Any CPU
	EndGlobalSection
	GlobalSection(ProjectConfigurationPlatforms) = postSolution
		{63C04BD7-CA85-403E-8F15-821F00189941}.Debug|Any CPU.ActiveCfg = Debug|Any CPU
		{63C04BD7-CA85-403E-8F15-821F00189941}.Debug|Any CPU.Build.0 = Debug|Any CPU
		{63C04BD7-CA85-403E-8F15-821F00189941}.Release|Any CPU.ActiveCfg = Release|Any CPU
		{63C04BD7-CA85-403E-8F15-821F00189941}.Release|Any CPU.Build.0 = Release|Any CPU
		{36AE5F13-B909-4A1C-9ACF-4CD57EDAAEBE}.Debug|Any CPU.ActiveCfg = Debug|Any CPU
		{36AE5F13-B909-4A1C-9ACF-4CD57EDAAEBE}.Debug|Any CPU.Build.0 = Debug|Any CPU
		{36AE5F13-B909-4A1C-9ACF-4CD57EDAAEBE}.Release|Any CPU.ActiveCfg = Release|Any CPU
		{36AE5F13-B909-4A1C-9ACF-4CD57EDAAEBE}.Release|Any CPU.Build.0 = Release|Any CPU
		{78D42F9F-5DD6-4827-AB63-FC26EF57BA47}.Debug|Any CPU.ActiveCfg = Debug|Any CPU
		{78D42F9F-5DD6-4827-AB63-FC26EF57BA47}.Debug|Any CPU.Build.0 = Debug|Any CPU
		{78D42F9F-5DD6-4827-AB63-FC26EF57BA47}.Release|Any CPU.ActiveCfg = Release|Any CPU
		{78D42F9F-5DD6-4827-AB63-FC26EF57BA47}.Release|Any CPU.Build.0 = Release|Any CPU
		{55320159-26F9-4B65-BD7C-94D524487DE1}.Debug|Any CPU.ActiveCfg = Debug|Any CPU
		{55320159-26F9-4B65-BD7C-94D524487DE1}.Debug|Any CPU.Build.0 = Debug|Any CPU
		{55320159-26F9-4B65-BD7C-94D524487DE1}.Release|Any CPU.ActiveCfg = Release|Any CPU
		{55320159-26F9-4B65-BD7C-94D524487DE1}.Release|Any CPU.Build.0 = Release|Any CPU
		{0A7DE70D-0D0B-4A76-A1CC-8E358CD899B2}.Debug|Any CPU.ActiveCfg = Debug|Any CPU
		{0A7DE70D-0D0B-4A76-A1CC-8E358CD899B2}.Debug|Any CPU.Build.0 = Debug|Any CPU
		{0A7DE70D-0D0B-4A76-A1CC-8E358CD899B2}.Release|Any CPU.ActiveCfg = Release|Any CPU
		{0A7DE70D-0D0B-4A76-A1CC-8E358CD899B2}.Release|Any CPU.Build.0 = Release|Any CPU
		{8C5318C7-1BC3-4326-8F14-3B939EC60EBA}.Debug|Any CPU.ActiveCfg = Debug|Any CPU
		{8C5318C7-1BC3-4326-8F14-3B939EC60EBA}.Debug|Any CPU.Build.0 = Debug|Any CPU
		{8C5318C7-1BC3-4326-8F14-3B939EC60EBA}.Release|Any CPU.ActiveCfg = Release|Any CPU
		{8C5318C7-1BC3-4326-8F14-3B939EC60EBA}.Release|Any CPU.Build.0 = Release|Any CPU
		{E6FAF485-9EE4-4829-9416-71908D6C26B2}.Debug|Any CPU.ActiveCfg = Debug|Any CPU
		{E6FAF485-9EE4-4829-9416-71908D6C26B2}.Debug|Any CPU.Build.0 = Debug|Any CPU
		{E6FAF485-9EE4-4829-9416-71908D6C26B2}.Release|Any CPU.ActiveCfg = Release|Any CPU
		{E6FAF485-9EE4-4829-9416-71908D6C26B2}.Release|Any CPU.Build.0 = Release|Any CPU
		{03171DB3-E7EF-41B0-A2C8-DD2116262786}.Debug|Any CPU.ActiveCfg = Debug|Any CPU
		{03171DB3-E7EF-41B0-A2C8-DD2116262786}.Debug|Any CPU.Build.0 = Debug|Any CPU
		{03171DB3-E7EF-41B0-A2C8-DD2116262786}.Release|Any CPU.ActiveCfg = Release|Any CPU
		{03171DB3-E7EF-41B0-A2C8-DD2116262786}.Release|Any CPU.Build.0 = Release|Any CPU
		{C4297854-7143-4376-BF24-198C6A6A4845}.Debug|Any CPU.ActiveCfg = Debug|Any CPU
		{C4297854-7143-4376-BF24-198C6A6A4845}.Debug|Any CPU.Build.0 = Debug|Any CPU
		{C4297854-7143-4376-BF24-198C6A6A4845}.Release|Any CPU.ActiveCfg = Release|Any CPU
		{C4297854-7143-4376-BF24-198C6A6A4845}.Release|Any CPU.Build.0 = Release|Any CPU
		{AC51B86F-FC60-4BE1-ABBD-C059F9A2866D}.Debug|Any CPU.ActiveCfg = Debug|Any CPU
		{AC51B86F-FC60-4BE1-ABBD-C059F9A2866D}.Debug|Any CPU.Build.0 = Debug|Any CPU
		{AC51B86F-FC60-4BE1-ABBD-C059F9A2866D}.Release|Any CPU.ActiveCfg = Release|Any CPU
		{AC51B86F-FC60-4BE1-ABBD-C059F9A2866D}.Release|Any CPU.Build.0 = Release|Any CPU
		{065A9041-5F49-45E0-97F2-57B3011AA4FF}.Debug|Any CPU.ActiveCfg = Debug|Any CPU
		{065A9041-5F49-45E0-97F2-57B3011AA4FF}.Debug|Any CPU.Build.0 = Debug|Any CPU
		{065A9041-5F49-45E0-97F2-57B3011AA4FF}.Release|Any CPU.ActiveCfg = Release|Any CPU
		{065A9041-5F49-45E0-97F2-57B3011AA4FF}.Release|Any CPU.Build.0 = Release|Any CPU
		{6E7154E2-40FC-4C1D-8A79-6A27FE4CDFCC}.Debug|Any CPU.ActiveCfg = Debug|Any CPU
		{6E7154E2-40FC-4C1D-8A79-6A27FE4CDFCC}.Debug|Any CPU.Build.0 = Debug|Any CPU
		{6E7154E2-40FC-4C1D-8A79-6A27FE4CDFCC}.Release|Any CPU.ActiveCfg = Release|Any CPU
		{6E7154E2-40FC-4C1D-8A79-6A27FE4CDFCC}.Release|Any CPU.Build.0 = Release|Any CPU
	EndGlobalSection
	GlobalSection(SolutionProperties) = preSolution
		HideSolutionNode = FALSE
	EndGlobalSection
	GlobalSection(NestedProjects) = preSolution
		{3F1902EA-B087-4D4E-9C06-BA8E426BDA65} = {63AF080A-B051-4DFE-A4FF-9E4537194C2F}
		{BD07872C-AC44-48A3-9BF2-61A3037DCC12} = {3F1902EA-B087-4D4E-9C06-BA8E426BDA65}
		{85DA1F99-C85F-45CE-B9F4-212F6E1929CA} = {3F1902EA-B087-4D4E-9C06-BA8E426BDA65}
		{3F89E6D9-507B-4251-A6F2-425DFC27851D} = {3F1902EA-B087-4D4E-9C06-BA8E426BDA65}
		{6A2BE5A7-D174-4C77-8B0F-7F3BF3F0C676} = {3F1902EA-B087-4D4E-9C06-BA8E426BDA65}
		{ED0E2CC0-2A01-48C4-A59B-EF2B2F1E9300} = {3F1902EA-B087-4D4E-9C06-BA8E426BDA65}
		{1E68CE8C-088B-4409-83B8-7AD44156F986} = {3F1902EA-B087-4D4E-9C06-BA8E426BDA65}
		{63C04BD7-CA85-403E-8F15-821F00189941} = {BD07872C-AC44-48A3-9BF2-61A3037DCC12}
		{36AE5F13-B909-4A1C-9ACF-4CD57EDAAEBE} = {BD07872C-AC44-48A3-9BF2-61A3037DCC12}
		{78D42F9F-5DD6-4827-AB63-FC26EF57BA47} = {85DA1F99-C85F-45CE-B9F4-212F6E1929CA}
		{55320159-26F9-4B65-BD7C-94D524487DE1} = {BD07872C-AC44-48A3-9BF2-61A3037DCC12}
		{0A7DE70D-0D0B-4A76-A1CC-8E358CD899B2} = {BD07872C-AC44-48A3-9BF2-61A3037DCC12}
		{8C5318C7-1BC3-4326-8F14-3B939EC60EBA} = {85DA1F99-C85F-45CE-B9F4-212F6E1929CA}
		{02EB0BE9-2CAB-4539-943D-7F7DA43A6803} = {63AF080A-B051-4DFE-A4FF-9E4537194C2F}
		{E6FAF485-9EE4-4829-9416-71908D6C26B2} = {02EB0BE9-2CAB-4539-943D-7F7DA43A6803}
		{03171DB3-E7EF-41B0-A2C8-DD2116262786} = {3F89E6D9-507B-4251-A6F2-425DFC27851D}
		{C4297854-7143-4376-BF24-198C6A6A4845} = {9250583A-4F9B-41FD-B29B-F82E6177CFA8}
		{9250583A-4F9B-41FD-B29B-F82E6177CFA8} = {3F1902EA-B087-4D4E-9C06-BA8E426BDA65}
		{AC51B86F-FC60-4BE1-ABBD-C059F9A2866D} = {ED0E2CC0-2A01-48C4-A59B-EF2B2F1E9300}
		{00DE0C27-F8DD-4578-BB47-D2E40535C976} = {63AF080A-B051-4DFE-A4FF-9E4537194C2F}
		{065A9041-5F49-45E0-97F2-57B3011AA4FF} = {00DE0C27-F8DD-4578-BB47-D2E40535C976}
	EndGlobalSection
	GlobalSection(ExtensibilityGlobals) = postSolution
		SolutionGuid = {835B7F18-2530-4707-83E4-AE1ADC3D7797}
	EndGlobalSection
EndGlobal
